// !$*UTF8*$!
{
	archiveVersion = 1;
	classes = {
	};
	objectVersion = 50;
	objects = {

/* Begin PBXBuildFile section */
		171684D021B2451300ADECB4 /* APIService.swift in Sources */ = {isa = PBXBuildFile; fileRef = 171684CF21B2451300ADECB4 /* APIService.swift */; };
		17285D56219FF40C000C7589 /* Database.swift in Sources */ = {isa = PBXBuildFile; fileRef = 17285D55219FF40C000C7589 /* Database.swift */; };
		17285D5921A0116D000C7589 /* TwitterUser.swift in Sources */ = {isa = PBXBuildFile; fileRef = 17285D5821A0116D000C7589 /* TwitterUser.swift */; };
		17285D5B21A01A4D000C7589 /* FirebaseImageUploader.swift in Sources */ = {isa = PBXBuildFile; fileRef = 17285D5A21A01A4D000C7589 /* FirebaseImageUploader.swift */; };
		173B1AFD2171957D00E188E5 /* DiaryNode.swift in Sources */ = {isa = PBXBuildFile; fileRef = 173B1AFC2171957D00E188E5 /* DiaryNode.swift */; };
		173B1B012171B32E00E188E5 /* LoginViewController.swift in Sources */ = {isa = PBXBuildFile; fileRef = 173B1B002171B32E00E188E5 /* LoginViewController.swift */; };
		173B1B042171C26C00E188E5 /* FeedViewController.swift in Sources */ = {isa = PBXBuildFile; fileRef = 173B1B032171C26C00E188E5 /* FeedViewController.swift */; };
		173B1B0A2171EEB800E188E5 /* FeedDetailController.swift in Sources */ = {isa = PBXBuildFile; fileRef = 173B1B092171EEB800E188E5 /* FeedDetailController.swift */; };
		173CAE9221743980006B012F /* GoogleService-Info.plist in Resources */ = {isa = PBXBuildFile; fileRef = 173CAE9121743980006B012F /* GoogleService-Info.plist */; };
		17A064702171F6E00051A3B4 /* AddNodeViewController.swift in Sources */ = {isa = PBXBuildFile; fileRef = 17A0646F2171F6E00051A3B4 /* AddNodeViewController.swift */; };
		17E36F8521A8FD9B00966B27 /* AppContrainerViewController.swift in Sources */ = {isa = PBXBuildFile; fileRef = 17E36F8421A8FD9B00966B27 /* AppContrainerViewController.swift */; };
		17E36F8821A9429000966B27 /* User.swift in Sources */ = {isa = PBXBuildFile; fileRef = 17E36F8721A9429000966B27 /* User.swift */; };
		26329C562138268C00AF0E17 /* DiaryTableViewCell.swift in Sources */ = {isa = PBXBuildFile; fileRef = 26329C552138268C00AF0E17 /* DiaryTableViewCell.swift */; };
		267055B22171DA4100E4D4C5 /* FeedCell.swift in Sources */ = {isa = PBXBuildFile; fileRef = 267055B12171DA4100E4D4C5 /* FeedCell.swift */; };
		26E881A1211EAF4000C34AA4 /* AppDelegate.swift in Sources */ = {isa = PBXBuildFile; fileRef = 26E881A0211EAF4000C34AA4 /* AppDelegate.swift */; };
		26E881A3211EAF4000C34AA4 /* ViewController.swift in Sources */ = {isa = PBXBuildFile; fileRef = 26E881A2211EAF4000C34AA4 /* ViewController.swift */; };
		26E881A8211EAF4300C34AA4 /* Assets.xcassets in Resources */ = {isa = PBXBuildFile; fileRef = 26E881A7211EAF4300C34AA4 /* Assets.xcassets */; };
		26E881AB211EAF4300C34AA4 /* LaunchScreen.storyboard in Resources */ = {isa = PBXBuildFile; fileRef = 26E881A9211EAF4300C34AA4 /* LaunchScreen.storyboard */; };
		26F34505219FF85800783CC6 /* DatePickerTextField.swift in Sources */ = {isa = PBXBuildFile; fileRef = 26F34504219FF85800783CC6 /* DatePickerTextField.swift */; };
/* End PBXBuildFile section */

/* Begin PBXFileReference section */
		171684CF21B2451300ADECB4 /* APIService.swift */ = {isa = PBXFileReference; lastKnownFileType = sourcecode.swift; path = APIService.swift; sourceTree = "<group>"; };
		17285D55219FF40C000C7589 /* Database.swift */ = {isa = PBXFileReference; lastKnownFileType = sourcecode.swift; path = Database.swift; sourceTree = "<group>"; };
		17285D5821A0116D000C7589 /* TwitterUser.swift */ = {isa = PBXFileReference; lastKnownFileType = sourcecode.swift; path = TwitterUser.swift; sourceTree = "<group>"; };
		17285D5A21A01A4D000C7589 /* FirebaseImageUploader.swift */ = {isa = PBXFileReference; lastKnownFileType = sourcecode.swift; path = FirebaseImageUploader.swift; sourceTree = "<group>"; };
		173B1AFC2171957D00E188E5 /* DiaryNode.swift */ = {isa = PBXFileReference; fileEncoding = 4; lastKnownFileType = sourcecode.swift; path = DiaryNode.swift; sourceTree = "<group>"; };
		173B1B002171B32E00E188E5 /* LoginViewController.swift */ = {isa = PBXFileReference; lastKnownFileType = sourcecode.swift; path = LoginViewController.swift; sourceTree = "<group>"; };
		173B1B032171C26C00E188E5 /* FeedViewController.swift */ = {isa = PBXFileReference; lastKnownFileType = sourcecode.swift; path = FeedViewController.swift; sourceTree = "<group>"; };
		173B1B092171EEB800E188E5 /* FeedDetailController.swift */ = {isa = PBXFileReference; lastKnownFileType = sourcecode.swift; path = FeedDetailController.swift; sourceTree = "<group>"; };
		173CAE9121743980006B012F /* GoogleService-Info.plist */ = {isa = PBXFileReference; fileEncoding = 4; lastKnownFileType = text.plist.xml; path = "GoogleService-Info.plist"; sourceTree = "<group>"; };
		17A0646F2171F6E00051A3B4 /* AddNodeViewController.swift */ = {isa = PBXFileReference; lastKnownFileType = sourcecode.swift; path = AddNodeViewController.swift; sourceTree = "<group>"; };
		17E36F8421A8FD9B00966B27 /* AppContrainerViewController.swift */ = {isa = PBXFileReference; lastKnownFileType = sourcecode.swift; path = AppContrainerViewController.swift; sourceTree = "<group>"; };
		17E36F8721A9429000966B27 /* User.swift */ = {isa = PBXFileReference; lastKnownFileType = sourcecode.swift; path = User.swift; sourceTree = "<group>"; };
		26329C552138268C00AF0E17 /* DiaryTableViewCell.swift */ = {isa = PBXFileReference; lastKnownFileType = sourcecode.swift; path = DiaryTableViewCell.swift; sourceTree = "<group>"; };
		267055B12171DA4100E4D4C5 /* FeedCell.swift */ = {isa = PBXFileReference; lastKnownFileType = sourcecode.swift; path = FeedCell.swift; sourceTree = "<group>"; };
		26E8819D211EAF4000C34AA4 /* MyBeerDiary.app */ = {isa = PBXFileReference; explicitFileType = wrapper.application; includeInIndex = 0; path = MyBeerDiary.app; sourceTree = BUILT_PRODUCTS_DIR; };
		26E881A0211EAF4000C34AA4 /* AppDelegate.swift */ = {isa = PBXFileReference; lastKnownFileType = sourcecode.swift; path = AppDelegate.swift; sourceTree = "<group>"; };
		26E881A2211EAF4000C34AA4 /* ViewController.swift */ = {isa = PBXFileReference; lastKnownFileType = sourcecode.swift; path = ViewController.swift; sourceTree = "<group>"; };
		26E881A7211EAF4300C34AA4 /* Assets.xcassets */ = {isa = PBXFileReference; lastKnownFileType = folder.assetcatalog; path = Assets.xcassets; sourceTree = "<group>"; };
		26E881AA211EAF4300C34AA4 /* Base */ = {isa = PBXFileReference; lastKnownFileType = file.storyboard; name = Base; path = Base.lproj/LaunchScreen.storyboard; sourceTree = "<group>"; };
		26E881AC211EAF4300C34AA4 /* Info.plist */ = {isa = PBXFileReference; lastKnownFileType = text.plist.xml; path = Info.plist; sourceTree = "<group>"; };
		26F34504219FF85800783CC6 /* DatePickerTextField.swift */ = {isa = PBXFileReference; lastKnownFileType = sourcecode.swift; path = DatePickerTextField.swift; sourceTree = "<group>"; };
		4640EA3F5FF21F2BB999790F /* Pods-MyBeerDiary2.release.xcconfig */ = {isa = PBXFileReference; includeInIndex = 1; lastKnownFileType = text.xcconfig; name = "Pods-MyBeerDiary2.release.xcconfig"; path = "Pods/Target Support Files/Pods-MyBeerDiary2/Pods-MyBeerDiary2.release.xcconfig"; sourceTree = "<group>"; };
		88D614D9146EE7A8E24FC3E5 /* Pods-MyBeerDiary2.debug.xcconfig */ = {isa = PBXFileReference; includeInIndex = 1; lastKnownFileType = text.xcconfig; name = "Pods-MyBeerDiary2.debug.xcconfig"; path = "Pods/Target Support Files/Pods-MyBeerDiary2/Pods-MyBeerDiary2.debug.xcconfig"; sourceTree = "<group>"; };
/* End PBXFileReference section */

/* Begin PBXFrameworksBuildPhase section */
		26E8819A211EAF4000C34AA4 /* Frameworks */ = {
			isa = PBXFrameworksBuildPhase;
			buildActionMask = 2147483647;
			files = (
			);
			runOnlyForDeploymentPostprocessing = 0;
		};
/* End PBXFrameworksBuildPhase section */

/* Begin PBXGroup section */
		171684CE21B244EE00ADECB4 /* Services */ = {
			isa = PBXGroup;
			children = (
				171684CF21B2451300ADECB4 /* APIService.swift */,
			);
			path = Services;
			sourceTree = "<group>";
		};
		17285D5721A0115D000C7589 /* Model */ = {
			isa = PBXGroup;
			children = (
				17285D5821A0116D000C7589 /* TwitterUser.swift */,
			);
			path = Model;
			sourceTree = "<group>";
		};
		173B1AFE2171B2EB00E188E5 /* Login */ = {
			isa = PBXGroup;
			children = (
				17285D5721A0115D000C7589 /* Model */,
				173B1AFF2171B2F900E188E5 /* Controller */,
			);
			path = Login;
			sourceTree = "<group>";
		};
		173B1AFF2171B2F900E188E5 /* Controller */ = {
			isa = PBXGroup;
			children = (
				173B1B002171B32E00E188E5 /* LoginViewController.swift */,
			);
			path = Controller;
			sourceTree = "<group>";
		};
		173B1B022171C25700E188E5 /* Feed */ = {
			isa = PBXGroup;
			children = (
				173B1B082171EEA300E188E5 /* Controller */,
				173B1B072171EE9E00E188E5 /* View */,
				173B1B062171EE9900E188E5 /* Model */,
			);
			path = Feed;
			sourceTree = "<group>";
		};
		173B1B052171EE8C00E188E5 /* FeedDetail */ = {
			isa = PBXGroup;
			children = (
				17A064722171F7230051A3B4 /* Controller */,
			);
			path = FeedDetail;
			sourceTree = "<group>";
		};
		173B1B062171EE9900E188E5 /* Model */ = {
			isa = PBXGroup;
			children = (
				173B1AFC2171957D00E188E5 /* DiaryNode.swift */,
			);
			path = Model;
			sourceTree = "<group>";
		};
		173B1B072171EE9E00E188E5 /* View */ = {
			isa = PBXGroup;
			children = (
				267055B12171DA4100E4D4C5 /* FeedCell.swift */,
			);
			path = View;
			sourceTree = "<group>";
		};
		173B1B082171EEA300E188E5 /* Controller */ = {
			isa = PBXGroup;
			children = (
				173B1B032171C26C00E188E5 /* FeedViewController.swift */,
			);
			path = Controller;
			sourceTree = "<group>";
		};
		17A0646E2171F6CD0051A3B4 /* Add */ = {
			isa = PBXGroup;
			children = (
				26F34503219FF81800783CC6 /* View */,
				17A064712171F71C0051A3B4 /* Controller */,
			);
			path = Add;
			sourceTree = "<group>";
		};
		17A064712171F71C0051A3B4 /* Controller */ = {
			isa = PBXGroup;
			children = (
				17A0646F2171F6E00051A3B4 /* AddNodeViewController.swift */,
			);
			path = Controller;
			sourceTree = "<group>";
		};
		17A064722171F7230051A3B4 /* Controller */ = {
			isa = PBXGroup;
			children = (
				173B1B092171EEB800E188E5 /* FeedDetailController.swift */,
			);
			path = Controller;
			sourceTree = "<group>";
		};
		17E36F8321A8FD8700966B27 /* AppContrainer */ = {
			isa = PBXGroup;
			children = (
				17E36F8421A8FD9B00966B27 /* AppContrainerViewController.swift */,
			);
			path = AppContrainer;
			sourceTree = "<group>";
		};
		17E36F8621A9427E00966B27 /* AppData */ = {
			isa = PBXGroup;
			children = (
				17E36F8721A9429000966B27 /* User.swift */,
			);
			path = AppData;
			sourceTree = "<group>";
		};
		26E88194211EAF4000C34AA4 = {
			isa = PBXGroup;
			children = (
				26E8819F211EAF4000C34AA4 /* Classes */,
				26E8819E211EAF4000C34AA4 /* Products */,
				7CE910F56384FCCB901F8A29 /* Pods */,
				AE3AFDCCD645083DF8653449 /* Frameworks */,
			);
			sourceTree = "<group>";
		};
		26E8819E211EAF4000C34AA4 /* Products */ = {
			isa = PBXGroup;
			children = (
				26E8819D211EAF4000C34AA4 /* MyBeerDiary.app */,
			);
			name = Products;
			sourceTree = "<group>";
		};
		26E8819F211EAF4000C34AA4 /* Classes */ = {
			isa = PBXGroup;
			children = (
				171684CE21B244EE00ADECB4 /* Services */,
				17E36F8621A9427E00966B27 /* AppData */,
				17E36F8321A8FD8700966B27 /* AppContrainer */,
				17A0646E2171F6CD0051A3B4 /* Add */,
				173B1B052171EE8C00E188E5 /* FeedDetail */,
				173B1B022171C25700E188E5 /* Feed */,
				173B1AFE2171B2EB00E188E5 /* Login */,
				26E881A0211EAF4000C34AA4 /* AppDelegate.swift */,
				26E881A2211EAF4000C34AA4 /* ViewController.swift */,
				26E881A7211EAF4300C34AA4 /* Assets.xcassets */,
				26E881A9211EAF4300C34AA4 /* LaunchScreen.storyboard */,
				26E881AC211EAF4300C34AA4 /* Info.plist */,
				26329C552138268C00AF0E17 /* DiaryTableViewCell.swift */,
				173CAE9121743980006B012F /* GoogleService-Info.plist */,
				17285D55219FF40C000C7589 /* Database.swift */,
				17285D5A21A01A4D000C7589 /* FirebaseImageUploader.swift */,
			);
			path = Classes;
			sourceTree = "<group>";
		};
		26F34503219FF81800783CC6 /* View */ = {
			isa = PBXGroup;
			children = (
				26F34504219FF85800783CC6 /* DatePickerTextField.swift */,
			);
			path = View;
			sourceTree = "<group>";
		};
		7CE910F56384FCCB901F8A29 /* Pods */ = {
			isa = PBXGroup;
			children = (
				88D614D9146EE7A8E24FC3E5 /* Pods-MyBeerDiary2.debug.xcconfig */,
				4640EA3F5FF21F2BB999790F /* Pods-MyBeerDiary2.release.xcconfig */,
			);
			name = Pods;
			sourceTree = "<group>";
		};
		AE3AFDCCD645083DF8653449 /* Frameworks */ = {
			isa = PBXGroup;
			children = (
			);
			name = Frameworks;
			sourceTree = "<group>";
		};
/* End PBXGroup section */

/* Begin PBXNativeTarget section */
		26E8819C211EAF4000C34AA4 /* MyBeerDiary */ = {
			isa = PBXNativeTarget;
			buildConfigurationList = 26E881AF211EAF4300C34AA4 /* Build configuration list for PBXNativeTarget "MyBeerDiary" */;
			buildPhases = (
				77CAFD2333FB4575B6D03968 /* [CP] Check Pods Manifest.lock */,
				26E88199211EAF4000C34AA4 /* Sources */,
				26E8819A211EAF4000C34AA4 /* Frameworks */,
				26E8819B211EAF4000C34AA4 /* Resources */,
				164B4621FBB2AA7115FB7ECB /* [CP] Embed Pods Frameworks */,
				DD9BC5CEA6E60721280B7D5D /* [CP] Copy Pods Resources */,
			);
			buildRules = (
			);
			dependencies = (
			);
			name = MyBeerDiary;
			productName = MyBeerDiary2;
			productReference = 26E8819D211EAF4000C34AA4 /* MyBeerDiary.app */;
			productType = "com.apple.product-type.application";
		};
/* End PBXNativeTarget section */

/* Begin PBXProject section */
		26E88195211EAF4000C34AA4 /* Project object */ = {
			isa = PBXProject;
			attributes = {
				LastSwiftUpdateCheck = 0940;
				LastUpgradeCheck = 0940;
				ORGANIZATIONNAME = "青柳瑞子";
				TargetAttributes = {
					26E8819C211EAF4000C34AA4 = {
						CreatedOnToolsVersion = 9.4.1;
					};
				};
			};
			buildConfigurationList = 26E88198211EAF4000C34AA4 /* Build configuration list for PBXProject "MyBeerDiary" */;
			compatibilityVersion = "Xcode 9.3";
			developmentRegion = en;
			hasScannedForEncodings = 0;
			knownRegions = (
				en,
				Base,
			);
			mainGroup = 26E88194211EAF4000C34AA4;
			productRefGroup = 26E8819E211EAF4000C34AA4 /* Products */;
			projectDirPath = "";
			projectRoot = "";
			targets = (
				26E8819C211EAF4000C34AA4 /* MyBeerDiary */,
			);
		};
/* End PBXProject section */

/* Begin PBXResourcesBuildPhase section */
		26E8819B211EAF4000C34AA4 /* Resources */ = {
			isa = PBXResourcesBuildPhase;
			buildActionMask = 2147483647;
			files = (
				26E881AB211EAF4300C34AA4 /* LaunchScreen.storyboard in Resources */,
				26E881A8211EAF4300C34AA4 /* Assets.xcassets in Resources */,
				173CAE9221743980006B012F /* GoogleService-Info.plist in Resources */,
			);
			runOnlyForDeploymentPostprocessing = 0;
		};
/* End PBXResourcesBuildPhase section */

/* Begin PBXShellScriptBuildPhase section */
		164B4621FBB2AA7115FB7ECB /* [CP] Embed Pods Frameworks */ = {
			isa = PBXShellScriptBuildPhase;
			buildActionMask = 2147483647;
			files = (
			);
			inputPaths = (
				"${SRCROOT}/Pods/Target Support Files/Pods-MyBeerDiary2/Pods-MyBeerDiary2-frameworks.sh",
				"${BUILT_PRODUCTS_DIR}/GTMSessionFetcher/GTMSessionFetcher.framework",
				"${BUILT_PRODUCTS_DIR}/GoogleUtilities/GoogleUtilities.framework",
				"${BUILT_PRODUCTS_DIR}/Kingfisher/Kingfisher.framework",
				"${PODS_ROOT}/TwitterCore/iOS/TwitterCore.framework",
				"${PODS_ROOT}/TwitterKit/iOS/TwitterKit.framework",
				"${BUILT_PRODUCTS_DIR}/leveldb-library/leveldb.framework",
				"${BUILT_PRODUCTS_DIR}/nanopb/nanopb.framework",
			);
			name = "[CP] Embed Pods Frameworks";
			outputPaths = (
				"${TARGET_BUILD_DIR}/${FRAMEWORKS_FOLDER_PATH}/GTMSessionFetcher.framework",
				"${TARGET_BUILD_DIR}/${FRAMEWORKS_FOLDER_PATH}/GoogleUtilities.framework",
				"${TARGET_BUILD_DIR}/${FRAMEWORKS_FOLDER_PATH}/Kingfisher.framework",
				"${TARGET_BUILD_DIR}/${FRAMEWORKS_FOLDER_PATH}/TwitterCore.framework",
				"${TARGET_BUILD_DIR}/${FRAMEWORKS_FOLDER_PATH}/TwitterKit.framework",
				"${TARGET_BUILD_DIR}/${FRAMEWORKS_FOLDER_PATH}/leveldb.framework",
				"${TARGET_BUILD_DIR}/${FRAMEWORKS_FOLDER_PATH}/nanopb.framework",
			);
			runOnlyForDeploymentPostprocessing = 0;
			shellPath = /bin/sh;
			shellScript = "\"${SRCROOT}/Pods/Target Support Files/Pods-MyBeerDiary2/Pods-MyBeerDiary2-frameworks.sh\"\n";
			showEnvVarsInLog = 0;
		};
		77CAFD2333FB4575B6D03968 /* [CP] Check Pods Manifest.lock */ = {
			isa = PBXShellScriptBuildPhase;
			buildActionMask = 2147483647;
			files = (
			);
			inputPaths = (
				"${PODS_PODFILE_DIR_PATH}/Podfile.lock",
				"${PODS_ROOT}/Manifest.lock",
			);
			name = "[CP] Check Pods Manifest.lock";
			outputPaths = (
				"$(DERIVED_FILE_DIR)/Pods-MyBeerDiary2-checkManifestLockResult.txt",
			);
			runOnlyForDeploymentPostprocessing = 0;
			shellPath = /bin/sh;
			shellScript = "diff \"${PODS_PODFILE_DIR_PATH}/Podfile.lock\" \"${PODS_ROOT}/Manifest.lock\" > /dev/null\nif [ $? != 0 ] ; then\n    # print error to STDERR\n    echo \"error: The sandbox is not in sync with the Podfile.lock. Run 'pod install' or update your CocoaPods installation.\" >&2\n    exit 1\nfi\n# This output is used by Xcode 'outputs' to avoid re-running this script phase.\necho \"SUCCESS\" > \"${SCRIPT_OUTPUT_FILE_0}\"\n";
			showEnvVarsInLog = 0;
		};
		DD9BC5CEA6E60721280B7D5D /* [CP] Copy Pods Resources */ = {
			isa = PBXShellScriptBuildPhase;
			buildActionMask = 2147483647;
			files = (
			);
			inputPaths = (
				"${SRCROOT}/Pods/Target Support Files/Pods-MyBeerDiary2/Pods-MyBeerDiary2-resources.sh",
				"${PODS_ROOT}/TwitterKit/iOS/TwitterKit.framework/TwitterKitResources.bundle",
			);
			name = "[CP] Copy Pods Resources";
			outputPaths = (
				"${TARGET_BUILD_DIR}/${UNLOCALIZED_RESOURCES_FOLDER_PATH}/TwitterKitResources.bundle",
			);
			runOnlyForDeploymentPostprocessing = 0;
			shellPath = /bin/sh;
			shellScript = "\"${SRCROOT}/Pods/Target Support Files/Pods-MyBeerDiary2/Pods-MyBeerDiary2-resources.sh\"\n";
			showEnvVarsInLog = 0;
		};
/* End PBXShellScriptBuildPhase section */

/* Begin PBXSourcesBuildPhase section */
		26E88199211EAF4000C34AA4 /* Sources */ = {
			isa = PBXSourcesBuildPhase;
			buildActionMask = 2147483647;
			files = (
				171684D021B2451300ADECB4 /* APIService.swift in Sources */,
				173B1B012171B32E00E188E5 /* LoginViewController.swift in Sources */,
				17285D56219FF40C000C7589 /* Database.swift in Sources */,
				17285D5921A0116D000C7589 /* TwitterUser.swift in Sources */,
				26E881A3211EAF4000C34AA4 /* ViewController.swift in Sources */,
				17E36F8821A9429000966B27 /* User.swift in Sources */,
				26F34505219FF85800783CC6 /* DatePickerTextField.swift in Sources */,
				173B1AFD2171957D00E188E5 /* DiaryNode.swift in Sources */,
				17A064702171F6E00051A3B4 /* AddNodeViewController.swift in Sources */,
				26E881A1211EAF4000C34AA4 /* AppDelegate.swift in Sources */,
				17E36F8521A8FD9B00966B27 /* AppContrainerViewController.swift in Sources */,
				173B1B042171C26C00E188E5 /* FeedViewController.swift in Sources */,
				26329C562138268C00AF0E17 /* DiaryTableViewCell.swift in Sources */,
				173B1B0A2171EEB800E188E5 /* FeedDetailController.swift in Sources */,
				267055B22171DA4100E4D4C5 /* FeedCell.swift in Sources */,
				17285D5B21A01A4D000C7589 /* FirebaseImageUploader.swift in Sources */,
			);
			runOnlyForDeploymentPostprocessing = 0;
		};
/* End PBXSourcesBuildPhase section */

/* Begin PBXVariantGroup section */
		26E881A9211EAF4300C34AA4 /* LaunchScreen.storyboard */ = {
			isa = PBXVariantGroup;
			children = (
				26E881AA211EAF4300C34AA4 /* Base */,
			);
			name = LaunchScreen.storyboard;
			sourceTree = "<group>";
		};
/* End PBXVariantGroup section */

/* Begin XCBuildConfiguration section */
		26E881AD211EAF4300C34AA4 /* Debug */ = {
			isa = XCBuildConfiguration;
			buildSettings = {
				ALWAYS_SEARCH_USER_PATHS = NO;
				CLANG_ANALYZER_NONNULL = YES;
				CLANG_ANALYZER_NUMBER_OBJECT_CONVERSION = YES_AGGRESSIVE;
				CLANG_CXX_LANGUAGE_STANDARD = "gnu++14";
				CLANG_CXX_LIBRARY = "libc++";
				CLANG_ENABLE_MODULES = YES;
				CLANG_ENABLE_OBJC_ARC = YES;
				CLANG_ENABLE_OBJC_WEAK = YES;
				CLANG_WARN_BLOCK_CAPTURE_AUTORELEASING = YES;
				CLANG_WARN_BOOL_CONVERSION = YES;
				CLANG_WARN_COMMA = YES;
				CLANG_WARN_CONSTANT_CONVERSION = YES;
				CLANG_WARN_DEPRECATED_OBJC_IMPLEMENTATIONS = YES;
				CLANG_WARN_DIRECT_OBJC_ISA_USAGE = YES_ERROR;
				CLANG_WARN_DOCUMENTATION_COMMENTS = YES;
				CLANG_WARN_EMPTY_BODY = YES;
				CLANG_WARN_ENUM_CONVERSION = YES;
				CLANG_WARN_INFINITE_RECURSION = YES;
				CLANG_WARN_INT_CONVERSION = YES;
				CLANG_WARN_NON_LITERAL_NULL_CONVERSION = YES;
				CLANG_WARN_OBJC_IMPLICIT_RETAIN_SELF = YES;
				CLANG_WARN_OBJC_LITERAL_CONVERSION = YES;
				CLANG_WARN_OBJC_ROOT_CLASS = YES_ERROR;
				CLANG_WARN_RANGE_LOOP_ANALYSIS = YES;
				CLANG_WARN_STRICT_PROTOTYPES = YES;
				CLANG_WARN_SUSPICIOUS_MOVE = YES;
				CLANG_WARN_UNGUARDED_AVAILABILITY = YES_AGGRESSIVE;
				CLANG_WARN_UNREACHABLE_CODE = YES;
				CLANG_WARN__DUPLICATE_METHOD_MATCH = YES;
				CODE_SIGN_IDENTITY = "iPhone Developer";
				COPY_PHASE_STRIP = NO;
				DEBUG_INFORMATION_FORMAT = dwarf;
				ENABLE_STRICT_OBJC_MSGSEND = YES;
				ENABLE_TESTABILITY = YES;
				GCC_C_LANGUAGE_STANDARD = gnu11;
				GCC_DYNAMIC_NO_PIC = NO;
				GCC_NO_COMMON_BLOCKS = YES;
				GCC_OPTIMIZATION_LEVEL = 0;
				GCC_PREPROCESSOR_DEFINITIONS = (
					"DEBUG=1",
					"$(inherited)",
				);
				GCC_WARN_64_TO_32_BIT_CONVERSION = YES;
				GCC_WARN_ABOUT_RETURN_TYPE = YES_ERROR;
				GCC_WARN_UNDECLARED_SELECTOR = YES;
				GCC_WARN_UNINITIALIZED_AUTOS = YES_AGGRESSIVE;
				GCC_WARN_UNUSED_FUNCTION = YES;
				GCC_WARN_UNUSED_VARIABLE = YES;
				IPHONEOS_DEPLOYMENT_TARGET = 9.0;
				MTL_ENABLE_DEBUG_INFO = YES;
				ONLY_ACTIVE_ARCH = YES;
				SDKROOT = iphoneos;
				SWIFT_ACTIVE_COMPILATION_CONDITIONS = DEBUG;
				SWIFT_OPTIMIZATION_LEVEL = "-Onone";
			};
			name = Debug;
		};
		26E881AE211EAF4300C34AA4 /* Release */ = {
			isa = XCBuildConfiguration;
			buildSettings = {
				ALWAYS_SEARCH_USER_PATHS = NO;
				CLANG_ANALYZER_NONNULL = YES;
				CLANG_ANALYZER_NUMBER_OBJECT_CONVERSION = YES_AGGRESSIVE;
				CLANG_CXX_LANGUAGE_STANDARD = "gnu++14";
				CLANG_CXX_LIBRARY = "libc++";
				CLANG_ENABLE_MODULES = YES;
				CLANG_ENABLE_OBJC_ARC = YES;
				CLANG_ENABLE_OBJC_WEAK = YES;
				CLANG_WARN_BLOCK_CAPTURE_AUTORELEASING = YES;
				CLANG_WARN_BOOL_CONVERSION = YES;
				CLANG_WARN_COMMA = YES;
				CLANG_WARN_CONSTANT_CONVERSION = YES;
				CLANG_WARN_DEPRECATED_OBJC_IMPLEMENTATIONS = YES;
				CLANG_WARN_DIRECT_OBJC_ISA_USAGE = YES_ERROR;
				CLANG_WARN_DOCUMENTATION_COMMENTS = YES;
				CLANG_WARN_EMPTY_BODY = YES;
				CLANG_WARN_ENUM_CONVERSION = YES;
				CLANG_WARN_INFINITE_RECURSION = YES;
				CLANG_WARN_INT_CONVERSION = YES;
				CLANG_WARN_NON_LITERAL_NULL_CONVERSION = YES;
				CLANG_WARN_OBJC_IMPLICIT_RETAIN_SELF = YES;
				CLANG_WARN_OBJC_LITERAL_CONVERSION = YES;
				CLANG_WARN_OBJC_ROOT_CLASS = YES_ERROR;
				CLANG_WARN_RANGE_LOOP_ANALYSIS = YES;
				CLANG_WARN_STRICT_PROTOTYPES = YES;
				CLANG_WARN_SUSPICIOUS_MOVE = YES;
				CLANG_WARN_UNGUARDED_AVAILABILITY = YES_AGGRESSIVE;
				CLANG_WARN_UNREACHABLE_CODE = YES;
				CLANG_WARN__DUPLICATE_METHOD_MATCH = YES;
				CODE_SIGN_IDENTITY = "iPhone Developer";
				COPY_PHASE_STRIP = NO;
				DEBUG_INFORMATION_FORMAT = "dwarf-with-dsym";
				ENABLE_NS_ASSERTIONS = NO;
				ENABLE_STRICT_OBJC_MSGSEND = YES;
				GCC_C_LANGUAGE_STANDARD = gnu11;
				GCC_NO_COMMON_BLOCKS = YES;
				GCC_WARN_64_TO_32_BIT_CONVERSION = YES;
				GCC_WARN_ABOUT_RETURN_TYPE = YES_ERROR;
				GCC_WARN_UNDECLARED_SELECTOR = YES;
				GCC_WARN_UNINITIALIZED_AUTOS = YES_AGGRESSIVE;
				GCC_WARN_UNUSED_FUNCTION = YES;
				GCC_WARN_UNUSED_VARIABLE = YES;
				IPHONEOS_DEPLOYMENT_TARGET = 9.0;
				MTL_ENABLE_DEBUG_INFO = NO;
				SDKROOT = iphoneos;
				SWIFT_COMPILATION_MODE = wholemodule;
				SWIFT_OPTIMIZATION_LEVEL = "-O";
				VALIDATE_PRODUCT = YES;
			};
			name = Release;
		};
		26E881B0211EAF4300C34AA4 /* Debug */ = {
			isa = XCBuildConfiguration;
			baseConfigurationReference = 88D614D9146EE7A8E24FC3E5 /* Pods-MyBeerDiary2.debug.xcconfig */;
			buildSettings = {
				ASSETCATALOG_COMPILER_APPICON_NAME = AppIcon;
				CODE_SIGN_STYLE = Automatic;
				DEVELOPMENT_TEAM = 8JMJB9V596;
				INFOPLIST_FILE = "$(SRCROOT)/Classes/Info.plist";
				IPHONEOS_DEPLOYMENT_TARGET = 9.0;
				LD_RUNPATH_SEARCH_PATHS = (
					"$(inherited)",
					"@executable_path/Frameworks",
				);
				PRODUCT_BUNDLE_IDENTIFIER = jp.mizukoaoyagi.MyBeerDiary;
				PRODUCT_NAME = "$(TARGET_NAME)";
				SWIFT_VERSION = 4.0;
				TARGETED_DEVICE_FAMILY = 1;
			};
			name = Debug;
		};
		26E881B1211EAF4300C34AA4 /* Release */ = {
			isa = XCBuildConfiguration;
			baseConfigurationReference = 4640EA3F5FF21F2BB999790F /* Pods-MyBeerDiary2.release.xcconfig */;
			buildSettings = {
				ASSETCATALOG_COMPILER_APPICON_NAME = AppIcon;
				CODE_SIGN_STYLE = Automatic;
				DEVELOPMENT_TEAM = 8JMJB9V596;
				INFOPLIST_FILE = "$(SRCROOT)/Classes/Info.plist";
				IPHONEOS_DEPLOYMENT_TARGET = 9.0;
				LD_RUNPATH_SEARCH_PATHS = (
					"$(inherited)",
					"@executable_path/Frameworks",
				);
				PRODUCT_BUNDLE_IDENTIFIER = jp.mizukoaoyagi.MyBeerDiary;
				PRODUCT_NAME = "$(TARGET_NAME)";
				SWIFT_VERSION = 4.0;
				TARGETED_DEVICE_FAMILY = 1;
			};
			name = Release;
		};
/* End XCBuildConfiguration section */

/* Begin XCConfigurationList section */
		26E88198211EAF4000C34AA4 /* Build configuration list for PBXProject "MyBeerDiary" */ = {
			isa = XCConfigurationList;
			buildConfigurations = (
				26E881AD211EAF4300C34AA4 /* Debug */,
				26E881AE211EAF4300C34AA4 /* Release */,
			);
			defaultConfigurationIsVisible = 0;
			defaultConfigurationName = Release;
		};
		26E881AF211EAF4300C34AA4 /* Build configuration list for PBXNativeTarget "MyBeerDiary" */ = {
			isa = XCConfigurationList;
			buildConfigurations = (
				26E881B0211EAF4300C34AA4 /* Debug */,
				26E881B1211EAF4300C34AA4 /* Release */,
			);
			defaultConfigurationIsVisible = 0;
			defaultConfigurationName = Release;
		};
/* End XCConfigurationList section */
	};
	rootObject = 26E88195211EAF4000C34AA4 /* Project object */;
}
